{
  "leaderId": "hw-1756786404128-ad2r14d2f-38616",
  "processId": 38616,
  "acquiredAt": 1756808519210,
  "workspacePath": "c:\\Users\\delir\\Documents\\repos\\vscode-markdown-status-toolbar\\document-editing-sample\\markdown-status-toolbar",
  "version": "1.0.13",
  "lastHeartbeat": 1756809773042
}