{
  "leaderId": "hw-1756772198858-5aya81r61-21744",
  "processId": 21744,
  "acquiredAt": 1756772198862,
  "workspacePath": "c:\\Users\\delir\\Documents\\repos\\vscode-markdown-status-toolbar\\document-editing-sample\\markdown-status-toolbar",
  "version": "1.0.13",
  "lastHeartbeat": 1756782080760
}